// !$*UTF8*$!
{
	archiveVersion = 1;
	classes = {
	};
	objectVersion = 56;
	objects = {

/* Begin PBXBuildFile section */
		9AA4C63F294DE29D009DDECC /* EasyTipView in Frameworks */ = {isa = PBXBuildFile; productRef = 9AA4C63E294DE29D009DDECC /* EasyTipView */; };
		9ABE01B9294CD6BF00EAE9CB /* HomeViewController.swift in Sources */ = {isa = PBXBuildFile; fileRef = 9ABE01B8294CD6BF00EAE9CB /* HomeViewController.swift */; };
		9ABE01BB294CD6C400EAE9CB /* SettingsViewController.swift in Sources */ = {isa = PBXBuildFile; fileRef = 9ABE01BA294CD6C400EAE9CB /* SettingsViewController.swift */; };
		9ABE01BD294CD85C00EAE9CB /* GradientLabel.swift in Sources */ = {isa = PBXBuildFile; fileRef = 9ABE01BC294CD85C00EAE9CB /* GradientLabel.swift */; };
		9ABE01BF294CE9FC00EAE9CB /* StatView.swift in Sources */ = {isa = PBXBuildFile; fileRef = 9ABE01BE294CE9FC00EAE9CB /* StatView.swift */; };
		9ABE01C1294CF57D00EAE9CB /* AddIncomeViewController.swift in Sources */ = {isa = PBXBuildFile; fileRef = 9ABE01C0294CF57D00EAE9CB /* AddIncomeViewController.swift */; };
		9ABE01C3294CF58200EAE9CB /* AddExpenseViewController.swift in Sources */ = {isa = PBXBuildFile; fileRef = 9ABE01C2294CF58200EAE9CB /* AddExpenseViewController.swift */; };
		9ABE01C5294CFC2800EAE9CB /* KeyboardExtension.swift in Sources */ = {isa = PBXBuildFile; fileRef = 9ABE01C4294CFC2800EAE9CB /* KeyboardExtension.swift */; };
		9ADA02FE294DEA6C00B842FE /* TipsManager.swift in Sources */ = {isa = PBXBuildFile; fileRef = 9ADA02FD294DEA6C00B842FE /* TipsManager.swift */; };
		D70F3A44294BB62F00BB9858 /* AppDelegate.swift in Sources */ = {isa = PBXBuildFile; fileRef = D70F3A43294BB62F00BB9858 /* AppDelegate.swift */; };
		D70F3A46294BB62F00BB9858 /* SceneDelegate.swift in Sources */ = {isa = PBXBuildFile; fileRef = D70F3A45294BB62F00BB9858 /* SceneDelegate.swift */; };
		D70F3A48294BB62F00BB9858 /* WelcomeViewController.swift in Sources */ = {isa = PBXBuildFile; fileRef = D70F3A47294BB62F00BB9858 /* WelcomeViewController.swift */; };
		D70F3A4B294BB62F00BB9858 /* Main.storyboard in Resources */ = {isa = PBXBuildFile; fileRef = D70F3A49294BB62F00BB9858 /* Main.storyboard */; };
		D70F3A4D294BB63100BB9858 /* Assets.xcassets in Resources */ = {isa = PBXBuildFile; fileRef = D70F3A4C294BB63100BB9858 /* Assets.xcassets */; };
		D70F3A50294BB63100BB9858 /* LaunchScreen.storyboard in Resources */ = {isa = PBXBuildFile; fileRef = D70F3A4E294BB63100BB9858 /* LaunchScreen.storyboard */; };
		D71ABE54294D036000939928 /* Struct.swift in Sources */ = {isa = PBXBuildFile; fileRef = D71ABE53294D036000939928 /* Struct.swift */; };
		D71ABE56294D043E00939928 /* Functions.swift in Sources */ = {isa = PBXBuildFile; fileRef = D71ABE55294D043E00939928 /* Functions.swift */; };
		D71ABE58294D137C00939928 /* Extensions.swift in Sources */ = {isa = PBXBuildFile; fileRef = D71ABE57294D137C00939928 /* Extensions.swift */; };
/* End PBXBuildFile section */

/* Begin PBXFileReference section */
		9ABE01B8294CD6BF00EAE9CB /* HomeViewController.swift */ = {isa = PBXFileReference; lastKnownFileType = sourcecode.swift; path = HomeViewController.swift; sourceTree = "<group>"; };
		9ABE01BA294CD6C400EAE9CB /* SettingsViewController.swift */ = {isa = PBXFileReference; lastKnownFileType = sourcecode.swift; path = SettingsViewController.swift; sourceTree = "<group>"; };
		9ABE01BC294CD85C00EAE9CB /* GradientLabel.swift */ = {isa = PBXFileReference; lastKnownFileType = sourcecode.swift; path = GradientLabel.swift; sourceTree = "<group>"; };
		9ABE01BE294CE9FC00EAE9CB /* StatView.swift */ = {isa = PBXFileReference; lastKnownFileType = sourcecode.swift; path = StatView.swift; sourceTree = "<group>"; };
		9ABE01C0294CF57D00EAE9CB /* AddIncomeViewController.swift */ = {isa = PBXFileReference; lastKnownFileType = sourcecode.swift; path = AddIncomeViewController.swift; sourceTree = "<group>"; };
		9ABE01C2294CF58200EAE9CB /* AddExpenseViewController.swift */ = {isa = PBXFileReference; lastKnownFileType = sourcecode.swift; path = AddExpenseViewController.swift; sourceTree = "<group>"; };
		9ABE01C4294CFC2800EAE9CB /* KeyboardExtension.swift */ = {isa = PBXFileReference; lastKnownFileType = sourcecode.swift; path = KeyboardExtension.swift; sourceTree = "<group>"; };
		9ADA02FD294DEA6C00B842FE /* TipsManager.swift */ = {isa = PBXFileReference; lastKnownFileType = sourcecode.swift; path = TipsManager.swift; sourceTree = "<group>"; };
		D70F3A40294BB62F00BB9858 /* WallYiOS.app */ = {isa = PBXFileReference; explicitFileType = wrapper.application; includeInIndex = 0; path = WallYiOS.app; sourceTree = BUILT_PRODUCTS_DIR; };
		D70F3A43294BB62F00BB9858 /* AppDelegate.swift */ = {isa = PBXFileReference; lastKnownFileType = sourcecode.swift; path = AppDelegate.swift; sourceTree = "<group>"; };
		D70F3A45294BB62F00BB9858 /* SceneDelegate.swift */ = {isa = PBXFileReference; lastKnownFileType = sourcecode.swift; path = SceneDelegate.swift; sourceTree = "<group>"; };
		D70F3A47294BB62F00BB9858 /* WelcomeViewController.swift */ = {isa = PBXFileReference; lastKnownFileType = sourcecode.swift; path = WelcomeViewController.swift; sourceTree = "<group>"; };
		D70F3A4A294BB62F00BB9858 /* Base */ = {isa = PBXFileReference; lastKnownFileType = file.storyboard; name = Base; path = Base.lproj/Main.storyboard; sourceTree = "<group>"; };
		D70F3A4C294BB63100BB9858 /* Assets.xcassets */ = {isa = PBXFileReference; lastKnownFileType = folder.assetcatalog; path = Assets.xcassets; sourceTree = "<group>"; };
		D70F3A4F294BB63100BB9858 /* Base */ = {isa = PBXFileReference; lastKnownFileType = file.storyboard; name = Base; path = Base.lproj/LaunchScreen.storyboard; sourceTree = "<group>"; };
		D70F3A51294BB63100BB9858 /* Info.plist */ = {isa = PBXFileReference; lastKnownFileType = text.plist.xml; path = Info.plist; sourceTree = "<group>"; };
		D71ABE53294D036000939928 /* Struct.swift */ = {isa = PBXFileReference; fileEncoding = 4; lastKnownFileType = sourcecode.swift; path = Struct.swift; sourceTree = "<group>"; };
		D71ABE55294D043E00939928 /* Functions.swift */ = {isa = PBXFileReference; lastKnownFileType = sourcecode.swift; path = Functions.swift; sourceTree = "<group>"; };
		D71ABE57294D137C00939928 /* Extensions.swift */ = {isa = PBXFileReference; lastKnownFileType = sourcecode.swift; path = Extensions.swift; sourceTree = "<group>"; };
/* End PBXFileReference section */

/* Begin PBXFrameworksBuildPhase section */
		D70F3A3D294BB62F00BB9858 /* Frameworks */ = {
			isa = PBXFrameworksBuildPhase;
			buildActionMask = 2147483647;
			files = (
				9AA4C63F294DE29D009DDECC /* EasyTipView in Frameworks */,
			);
			runOnlyForDeploymentPostprocessing = 0;
		};
/* End PBXFrameworksBuildPhase section */

/* Begin PBXGroup section */
		9ABE01B4294CD68700EAE9CB /* Interface Manager */ = {
			isa = PBXGroup;
			children = (
				D70F3A47294BB62F00BB9858 /* WelcomeViewController.swift */,
				9ABE01B8294CD6BF00EAE9CB /* HomeViewController.swift */,
				9ABE01BA294CD6C400EAE9CB /* SettingsViewController.swift */,
				9ABE01B6294CD69E00EAE9CB /* Custom Classes */,
				9ABE01B7294CD6A500EAE9CB /* Modals */,
			);
			path = "Interface Manager";
			sourceTree = "<group>";
		};
		9ABE01B5294CD69300EAE9CB /* Logic Manager */ = {
			isa = PBXGroup;
			children = (
				D71ABE53294D036000939928 /* Struct.swift */,
				D71ABE55294D043E00939928 /* Functions.swift */,
				9ADA02FD294DEA6C00B842FE /* TipsManager.swift */,
				D71ABE57294D137C00939928 /* Extensions.swift */,
			);
			path = "Logic Manager";
			sourceTree = "<group>";
		};
		9ABE01B6294CD69E00EAE9CB /* Custom Classes */ = {
			isa = PBXGroup;
			children = (
				9ABE01BC294CD85C00EAE9CB /* GradientLabel.swift */,
				9ABE01BE294CE9FC00EAE9CB /* StatView.swift */,
				9ABE01C4294CFC2800EAE9CB /* KeyboardExtension.swift */,
			);
			path = "Custom Classes";
			sourceTree = "<group>";
		};
		9ABE01B7294CD6A500EAE9CB /* Modals */ = {
			isa = PBXGroup;
			children = (
				9ABE01C0294CF57D00EAE9CB /* AddIncomeViewController.swift */,
				9ABE01C2294CF58200EAE9CB /* AddExpenseViewController.swift */,
			);
			path = Modals;
			sourceTree = "<group>";
		};
		D70F3A37294BB62F00BB9858 = {
			isa = PBXGroup;
			children = (
				D70F3A42294BB62F00BB9858 /* WallYiOS */,
				D70F3A41294BB62F00BB9858 /* Products */,
			);
			sourceTree = "<group>";
		};
		D70F3A41294BB62F00BB9858 /* Products */ = {
			isa = PBXGroup;
			children = (
				D70F3A40294BB62F00BB9858 /* WallYiOS.app */,
			);
			name = Products;
			sourceTree = "<group>";
		};
		D70F3A42294BB62F00BB9858 /* WallYiOS */ = {
			isa = PBXGroup;
			children = (
				D70F3A43294BB62F00BB9858 /* AppDelegate.swift */,
				D70F3A45294BB62F00BB9858 /* SceneDelegate.swift */,
				9ABE01B5294CD69300EAE9CB /* Logic Manager */,
				9ABE01B4294CD68700EAE9CB /* Interface Manager */,
				D70F3A49294BB62F00BB9858 /* Main.storyboard */,
				D70F3A4C294BB63100BB9858 /* Assets.xcassets */,
				D70F3A4E294BB63100BB9858 /* LaunchScreen.storyboard */,
				D70F3A51294BB63100BB9858 /* Info.plist */,
			);
			path = WallYiOS;
			sourceTree = "<group>";
		};
/* End PBXGroup section */

/* Begin PBXNativeTarget section */
		D70F3A3F294BB62F00BB9858 /* WallYiOS */ = {
			isa = PBXNativeTarget;
			buildConfigurationList = D70F3A54294BB63100BB9858 /* Build configuration list for PBXNativeTarget "WallYiOS" */;
			buildPhases = (
				D70F3A3C294BB62F00BB9858 /* Sources */,
				D70F3A3D294BB62F00BB9858 /* Frameworks */,
				D70F3A3E294BB62F00BB9858 /* Resources */,
			);
			buildRules = (
			);
			dependencies = (
			);
			name = WallYiOS;
			packageProductDependencies = (
				9AA4C63E294DE29D009DDECC /* EasyTipView */,
			);
			productName = WallYiOS;
			productReference = D70F3A40294BB62F00BB9858 /* WallYiOS.app */;
			productType = "com.apple.product-type.application";
		};
/* End PBXNativeTarget section */

/* Begin PBXProject section */
		D70F3A38294BB62F00BB9858 /* Project object */ = {
			isa = PBXProject;
			attributes = {
				BuildIndependentTargetsInParallel = 1;
				LastSwiftUpdateCheck = 1410;
				LastUpgradeCheck = 1410;
				TargetAttributes = {
					D70F3A3F294BB62F00BB9858 = {
						CreatedOnToolsVersion = 14.1;
					};
				};
			};
			buildConfigurationList = D70F3A3B294BB62F00BB9858 /* Build configuration list for PBXProject "WallYiOS" */;
			compatibilityVersion = "Xcode 14.0";
			developmentRegion = en;
			hasScannedForEncodings = 0;
			knownRegions = (
				en,
				Base,
			);
			mainGroup = D70F3A37294BB62F00BB9858;
			packageReferences = (
				9AA4C63D294DE29D009DDECC /* XCRemoteSwiftPackageReference "EasyTipView" */,
			);
			productRefGroup = D70F3A41294BB62F00BB9858 /* Products */;
			projectDirPath = "";
			projectRoot = "";
			targets = (
				D70F3A3F294BB62F00BB9858 /* WallYiOS */,
			);
		};
/* End PBXProject section */

/* Begin PBXResourcesBuildPhase section */
		D70F3A3E294BB62F00BB9858 /* Resources */ = {
			isa = PBXResourcesBuildPhase;
			buildActionMask = 2147483647;
			files = (
				D70F3A50294BB63100BB9858 /* LaunchScreen.storyboard in Resources */,
				D70F3A4D294BB63100BB9858 /* Assets.xcassets in Resources */,
				D70F3A4B294BB62F00BB9858 /* Main.storyboard in Resources */,
			);
			runOnlyForDeploymentPostprocessing = 0;
		};
/* End PBXResourcesBuildPhase section */

/* Begin PBXSourcesBuildPhase section */
		D70F3A3C294BB62F00BB9858 /* Sources */ = {
			isa = PBXSourcesBuildPhase;
			buildActionMask = 2147483647;
			files = (
				D70F3A48294BB62F00BB9858 /* WelcomeViewController.swift in Sources */,
				9ABE01BF294CE9FC00EAE9CB /* StatView.swift in Sources */,
				D70F3A44294BB62F00BB9858 /* AppDelegate.swift in Sources */,
				9ABE01C1294CF57D00EAE9CB /* AddIncomeViewController.swift in Sources */,
				9ABE01C3294CF58200EAE9CB /* AddExpenseViewController.swift in Sources */,
				D70F3A46294BB62F00BB9858 /* SceneDelegate.swift in Sources */,
				9ABE01C5294CFC2800EAE9CB /* KeyboardExtension.swift in Sources */,
				9ABE01BB294CD6C400EAE9CB /* SettingsViewController.swift in Sources */,
				D71ABE58294D137C00939928 /* Extensions.swift in Sources */,
				9ABE01BD294CD85C00EAE9CB /* GradientLabel.swift in Sources */,
				9ABE01B9294CD6BF00EAE9CB /* HomeViewController.swift in Sources */,
				9ADA02FE294DEA6C00B842FE /* TipsManager.swift in Sources */,
				D71ABE54294D036000939928 /* Struct.swift in Sources */,
				D71ABE56294D043E00939928 /* Functions.swift in Sources */,
			);
			runOnlyForDeploymentPostprocessing = 0;
		};
/* End PBXSourcesBuildPhase section */

/* Begin PBXVariantGroup section */
		D70F3A49294BB62F00BB9858 /* Main.storyboard */ = {
			isa = PBXVariantGroup;
			children = (
				D70F3A4A294BB62F00BB9858 /* Base */,
			);
			name = Main.storyboard;
			sourceTree = "<group>";
		};
		D70F3A4E294BB63100BB9858 /* LaunchScreen.storyboard */ = {
			isa = PBXVariantGroup;
			children = (
				D70F3A4F294BB63100BB9858 /* Base */,
			);
			name = LaunchScreen.storyboard;
			sourceTree = "<group>";
		};
/* End PBXVariantGroup section */

/* Begin XCBuildConfiguration section */
		D70F3A52294BB63100BB9858 /* Debug */ = {
			isa = XCBuildConfiguration;
			buildSettings = {
				ALWAYS_SEARCH_USER_PATHS = NO;
				CLANG_ANALYZER_NONNULL = YES;
				CLANG_ANALYZER_NUMBER_OBJECT_CONVERSION = YES_AGGRESSIVE;
				CLANG_CXX_LANGUAGE_STANDARD = "gnu++20";
				CLANG_ENABLE_MODULES = YES;
				CLANG_ENABLE_OBJC_ARC = YES;
				CLANG_ENABLE_OBJC_WEAK = YES;
				CLANG_WARN_BLOCK_CAPTURE_AUTORELEASING = YES;
				CLANG_WARN_BOOL_CONVERSION = YES;
				CLANG_WARN_COMMA = YES;
				CLANG_WARN_CONSTANT_CONVERSION = YES;
				CLANG_WARN_DEPRECATED_OBJC_IMPLEMENTATIONS = YES;
				CLANG_WARN_DIRECT_OBJC_ISA_USAGE = YES_ERROR;
				CLANG_WARN_DOCUMENTATION_COMMENTS = YES;
				CLANG_WARN_EMPTY_BODY = YES;
				CLANG_WARN_ENUM_CONVERSION = YES;
				CLANG_WARN_INFINITE_RECURSION = YES;
				CLANG_WARN_INT_CONVERSION = YES;
				CLANG_WARN_NON_LITERAL_NULL_CONVERSION = YES;
				CLANG_WARN_OBJC_IMPLICIT_RETAIN_SELF = YES;
				CLANG_WARN_OBJC_LITERAL_CONVERSION = YES;
				CLANG_WARN_OBJC_ROOT_CLASS = YES_ERROR;
				CLANG_WARN_QUOTED_INCLUDE_IN_FRAMEWORK_HEADER = YES;
				CLANG_WARN_RANGE_LOOP_ANALYSIS = YES;
				CLANG_WARN_STRICT_PROTOTYPES = YES;
				CLANG_WARN_SUSPICIOUS_MOVE = YES;
				CLANG_WARN_UNGUARDED_AVAILABILITY = YES_AGGRESSIVE;
				CLANG_WARN_UNREACHABLE_CODE = YES;
				CLANG_WARN__DUPLICATE_METHOD_MATCH = YES;
				COPY_PHASE_STRIP = NO;
				DEBUG_INFORMATION_FORMAT = dwarf;
				ENABLE_STRICT_OBJC_MSGSEND = YES;
				ENABLE_TESTABILITY = YES;
				GCC_C_LANGUAGE_STANDARD = gnu11;
				GCC_DYNAMIC_NO_PIC = NO;
				GCC_NO_COMMON_BLOCKS = YES;
				GCC_OPTIMIZATION_LEVEL = 0;
				GCC_PREPROCESSOR_DEFINITIONS = (
					"DEBUG=1",
					"$(inherited)",
				);
				GCC_WARN_64_TO_32_BIT_CONVERSION = YES;
				GCC_WARN_ABOUT_RETURN_TYPE = YES_ERROR;
				GCC_WARN_UNDECLARED_SELECTOR = YES;
				GCC_WARN_UNINITIALIZED_AUTOS = YES_AGGRESSIVE;
				GCC_WARN_UNUSED_FUNCTION = YES;
				GCC_WARN_UNUSED_VARIABLE = YES;
				IPHONEOS_DEPLOYMENT_TARGET = 16.1;
				MTL_ENABLE_DEBUG_INFO = INCLUDE_SOURCE;
				MTL_FAST_MATH = YES;
				ONLY_ACTIVE_ARCH = YES;
				SDKROOT = iphoneos;
				SWIFT_ACTIVE_COMPILATION_CONDITIONS = DEBUG;
				SWIFT_OPTIMIZATION_LEVEL = "-Onone";
			};
			name = Debug;
		};
		D70F3A53294BB63100BB9858 /* Release */ = {
			isa = XCBuildConfiguration;
			buildSettings = {
				ALWAYS_SEARCH_USER_PATHS = NO;
				CLANG_ANALYZER_NONNULL = YES;
				CLANG_ANALYZER_NUMBER_OBJECT_CONVERSION = YES_AGGRESSIVE;
				CLANG_CXX_LANGUAGE_STANDARD = "gnu++20";
				CLANG_ENABLE_MODULES = YES;
				CLANG_ENABLE_OBJC_ARC = YES;
				CLANG_ENABLE_OBJC_WEAK = YES;
				CLANG_WARN_BLOCK_CAPTURE_AUTORELEASING = YES;
				CLANG_WARN_BOOL_CONVERSION = YES;
				CLANG_WARN_COMMA = YES;
				CLANG_WARN_CONSTANT_CONVERSION = YES;
				CLANG_WARN_DEPRECATED_OBJC_IMPLEMENTATIONS = YES;
				CLANG_WARN_DIRECT_OBJC_ISA_USAGE = YES_ERROR;
				CLANG_WARN_DOCUMENTATION_COMMENTS = YES;
				CLANG_WARN_EMPTY_BODY = YES;
				CLANG_WARN_ENUM_CONVERSION = YES;
				CLANG_WARN_INFINITE_RECURSION = YES;
				CLANG_WARN_INT_CONVERSION = YES;
				CLANG_WARN_NON_LITERAL_NULL_CONVERSION = YES;
				CLANG_WARN_OBJC_IMPLICIT_RETAIN_SELF = YES;
				CLANG_WARN_OBJC_LITERAL_CONVERSION = YES;
				CLANG_WARN_OBJC_ROOT_CLASS = YES_ERROR;
				CLANG_WARN_QUOTED_INCLUDE_IN_FRAMEWORK_HEADER = YES;
				CLANG_WARN_RANGE_LOOP_ANALYSIS = YES;
				CLANG_WARN_STRICT_PROTOTYPES = YES;
				CLANG_WARN_SUSPICIOUS_MOVE = YES;
				CLANG_WARN_UNGUARDED_AVAILABILITY = YES_AGGRESSIVE;
				CLANG_WARN_UNREACHABLE_CODE = YES;
				CLANG_WARN__DUPLICATE_METHOD_MATCH = YES;
				COPY_PHASE_STRIP = NO;
				DEBUG_INFORMATION_FORMAT = "dwarf-with-dsym";
				ENABLE_NS_ASSERTIONS = NO;
				ENABLE_STRICT_OBJC_MSGSEND = YES;
				GCC_C_LANGUAGE_STANDARD = gnu11;
				GCC_NO_COMMON_BLOCKS = YES;
				GCC_WARN_64_TO_32_BIT_CONVERSION = YES;
				GCC_WARN_ABOUT_RETURN_TYPE = YES_ERROR;
				GCC_WARN_UNDECLARED_SELECTOR = YES;
				GCC_WARN_UNINITIALIZED_AUTOS = YES_AGGRESSIVE;
				GCC_WARN_UNUSED_FUNCTION = YES;
				GCC_WARN_UNUSED_VARIABLE = YES;
				IPHONEOS_DEPLOYMENT_TARGET = 16.1;
				MTL_ENABLE_DEBUG_INFO = NO;
				MTL_FAST_MATH = YES;
				SDKROOT = iphoneos;
				SWIFT_COMPILATION_MODE = wholemodule;
				SWIFT_OPTIMIZATION_LEVEL = "-O";
				VALIDATE_PRODUCT = YES;
			};
			name = Release;
		};
		D70F3A55294BB63100BB9858 /* Debug */ = {
			isa = XCBuildConfiguration;
			buildSettings = {
				ASSETCATALOG_COMPILER_APPICON_NAME = AppIcon;
				ASSETCATALOG_COMPILER_GLOBAL_ACCENT_COLOR_NAME = AccentColor;
				CODE_SIGN_STYLE = Automatic;
				CURRENT_PROJECT_VERSION = 1;
				DEVELOPMENT_TEAM = 55B9GSLMA2;
				GENERATE_INFOPLIST_FILE = YES;
				INFOPLIST_FILE = WallYiOS/Info.plist;
				INFOPLIST_KEY_CFBundleDisplayName = "Wall-Y";
				INFOPLIST_KEY_LSApplicationCategoryType = "public.app-category.finance";
				INFOPLIST_KEY_UIApplicationSupportsIndirectInputEvents = YES;
				INFOPLIST_KEY_UILaunchStoryboardName = LaunchScreen;
				INFOPLIST_KEY_UIMainStoryboardFile = Main;
				INFOPLIST_KEY_UISupportedInterfaceOrientations = UIInterfaceOrientationPortrait;
				INFOPLIST_KEY_UISupportedInterfaceOrientations_iPad = "UIInterfaceOrientationLandscapeLeft UIInterfaceOrientationLandscapeRight UIInterfaceOrientationPortrait UIInterfaceOrientationPortraitUpsideDown";
				LD_RUNPATH_SEARCH_PATHS = (
					"$(inherited)",
					"@executable_path/Frameworks",
				);
				MARKETING_VERSION = 1.0;
				PRODUCT_BUNDLE_IDENTIFIER = com.Mihnea.WallYiOS;
				PRODUCT_NAME = "$(TARGET_NAME)";
				SUPPORTED_PLATFORMS = "iphoneos iphonesimulator";
				SUPPORTS_MACCATALYST = NO;
				SUPPORTS_MAC_DESIGNED_FOR_IPHONE_IPAD = YES;
				SWIFT_EMIT_LOC_STRINGS = YES;
				SWIFT_VERSION = 5.0;
				TARGETED_DEVICE_FAMILY = 1;
			};
			name = Debug;
		};
		D70F3A56294BB63100BB9858 /* Release */ = {
			isa = XCBuildConfiguration;
			buildSettings = {
				ASSETCATALOG_COMPILER_APPICON_NAME = AppIcon;
				ASSETCATALOG_COMPILER_GLOBAL_ACCENT_COLOR_NAME = AccentColor;
				CODE_SIGN_STYLE = Automatic;
				CURRENT_PROJECT_VERSION = 1;
				DEVELOPMENT_TEAM = 55B9GSLMA2;
				GENERATE_INFOPLIST_FILE = YES;
				INFOPLIST_FILE = WallYiOS/Info.plist;
				INFOPLIST_KEY_CFBundleDisplayName = "Wall-Y";
				INFOPLIST_KEY_LSApplicationCategoryType = "public.app-category.finance";
				INFOPLIST_KEY_UIApplicationSupportsIndirectInputEvents = YES;
				INFOPLIST_KEY_UILaunchStoryboardName = LaunchScreen;
				INFOPLIST_KEY_UIMainStoryboardFile = Main;
				INFOPLIST_KEY_UISupportedInterfaceOrientations = UIInterfaceOrientationPortrait;
				INFOPLIST_KEY_UISupportedInterfaceOrientations_iPad = "UIInterfaceOrientationLandscapeLeft UIInterfaceOrientationLandscapeRight UIInterfaceOrientationPortrait UIInterfaceOrientationPortraitUpsideDown";
				LD_RUNPATH_SEARCH_PATHS = (
					"$(inherited)",
					"@executable_path/Frameworks",
				);
				MARKETING_VERSION = 1.0;
				PRODUCT_BUNDLE_IDENTIFIER = com.Mihnea.WallYiOS;
				PRODUCT_NAME = "$(TARGET_NAME)";
				SUPPORTED_PLATFORMS = "iphoneos iphonesimulator";
				SUPPORTS_MACCATALYST = NO;
				SUPPORTS_MAC_DESIGNED_FOR_IPHONE_IPAD = YES;
				SWIFT_EMIT_LOC_STRINGS = YES;
				SWIFT_VERSION = 5.0;
				TARGETED_DEVICE_FAMILY = 1;
			};
			name = Release;
		};
/* End XCBuildConfiguration section */

/* Begin XCConfigurationList section */
		D70F3A3B294BB62F00BB9858 /* Build configuration list for PBXProject "WallYiOS" */ = {
			isa = XCConfigurationList;
			buildConfigurations = (
				D70F3A52294BB63100BB9858 /* Debug */,
				D70F3A53294BB63100BB9858 /* Release */,
			);
			defaultConfigurationIsVisible = 0;
			defaultConfigurationName = Release;
		};
		D70F3A54294BB63100BB9858 /* Build configuration list for PBXNativeTarget "WallYiOS" */ = {
			isa = XCConfigurationList;
			buildConfigurations = (
				D70F3A55294BB63100BB9858 /* Debug */,
				D70F3A56294BB63100BB9858 /* Release */,
			);
			defaultConfigurationIsVisible = 0;
			defaultConfigurationName = Release;
		};
/* End XCConfigurationList section */

/* Begin XCRemoteSwiftPackageReference section */
		9AA4C63D294DE29D009DDECC /* XCRemoteSwiftPackageReference "EasyTipView" */ = {
			isa = XCRemoteSwiftPackageReference;
			repositoryURL = "https://github.com/teodorpatras/EasyTipView";
			requirement = {
				kind = upToNextMajorVersion;
				minimumVersion = 2.0.0;
			};
		};
/* End XCRemoteSwiftPackageReference section */

/* Begin XCSwiftPackageProductDependency section */
		9AA4C63E294DE29D009DDECC /* EasyTipView */ = {
			isa = XCSwiftPackageProductDependency;
			package = 9AA4C63D294DE29D009DDECC /* XCRemoteSwiftPackageReference "EasyTipView" */;
			productName = EasyTipView;
		};
/* End XCSwiftPackageProductDependency section */
	};
	rootObject = D70F3A38294BB62F00BB9858 /* Project object */;
}
